// !$*UTF8*$!
{
	archiveVersion = 1;
	classes = {
	};
	objectVersion = 46;
	objects = {

/* Begin PBXBuildFile section */
		03D9D44DC75F642572A5C45F /* Pods_thred.framework in Frameworks */ = {isa = PBXBuildFile; fileRef = C5A710F191DFAA1DB9506E6B /* Pods_thred.framework */; };
		364850451E3437A7004B73DE /* GiftCollectionViewController.swift in Sources */ = {isa = PBXBuildFile; fileRef = 364850441E3437A7004B73DE /* GiftCollectionViewController.swift */; };
		364850481E343984004B73DE /* GiftCollectionViewCell.swift in Sources */ = {isa = PBXBuildFile; fileRef = 364850471E343984004B73DE /* GiftCollectionViewCell.swift */; };
		3648504A1E345EB9004B73DE /* RecipientTableViewController.swift in Sources */ = {isa = PBXBuildFile; fileRef = 364850491E345EB9004B73DE /* RecipientTableViewController.swift */; };
		3648504F1E3465A9004B73DE /* RecipientTableViewCell.swift in Sources */ = {isa = PBXBuildFile; fileRef = 3648504E1E3465A9004B73DE /* RecipientTableViewCell.swift */; };
		364850511E3471CF004B73DE /* GifterCollectionViewCell.swift in Sources */ = {isa = PBXBuildFile; fileRef = 364850501E3471CF004B73DE /* GifterCollectionViewCell.swift */; };
		365F1D241E35B27C0081EA8E /* SecondaryGoogleService-Info.plist in Resources */ = {isa = PBXBuildFile; fileRef = 365F1D231E35B27C0081EA8E /* SecondaryGoogleService-Info.plist */; };
		3697F6DC1E3537A8004D5DD4 /* GifterTableViewController.swift in Sources */ = {isa = PBXBuildFile; fileRef = 3697F6DB1E3537A8004D5DD4 /* GifterTableViewController.swift */; };
		3697F6DE1E353850004D5DD4 /* GifterTableViewCell.swift in Sources */ = {isa = PBXBuildFile; fileRef = 3697F6DD1E353850004D5DD4 /* GifterTableViewCell.swift */; };
		3697F6E01E3550D9004D5DD4 /* PlayViewController.swift in Sources */ = {isa = PBXBuildFile; fileRef = 3697F6DF1E3550D9004D5DD4 /* PlayViewController.swift */; };
		3697F6E21E355A27004D5DD4 /* Doh.mp3 in Resources */ = {isa = PBXBuildFile; fileRef = 3697F6E11E355A27004D5DD4 /* Doh.mp3 */; };
		3697F6E41E356FF3004D5DD4 /* Gift.swift in Sources */ = {isa = PBXBuildFile; fileRef = 3697F6E31E356FF3004D5DD4 /* Gift.swift */; };
		3697F6E61E357070004D5DD4 /* Gifter.swift in Sources */ = {isa = PBXBuildFile; fileRef = 3697F6E51E357070004D5DD4 /* Gifter.swift */; };
		3697F6E81E357CE3004D5DD4 /* UserGift.swift in Sources */ = {isa = PBXBuildFile; fileRef = 3697F6E71E357CE3004D5DD4 /* UserGift.swift */; };
		3697F6EB1E359266004D5DD4 /* HomeCollectionViewCell.swift in Sources */ = {isa = PBXBuildFile; fileRef = 3697F6EA1E359266004D5DD4 /* HomeCollectionViewCell.swift */; };
		3697F6ED1E359861004D5DD4 /* UserByEmailViewController.swift in Sources */ = {isa = PBXBuildFile; fileRef = 3697F6EC1E359861004D5DD4 /* UserByEmailViewController.swift */; };
		36AE1FA21E33CED40053922A /* AppDelegate.swift in Sources */ = {isa = PBXBuildFile; fileRef = 36AE1FA11E33CED40053922A /* AppDelegate.swift */; };
		36AE1FA41E33CED40053922A /* LoginRegisterController.swift in Sources */ = {isa = PBXBuildFile; fileRef = 36AE1FA31E33CED40053922A /* LoginRegisterController.swift */; };
		36AE1FA71E33CED40053922A /* Main.storyboard in Resources */ = {isa = PBXBuildFile; fileRef = 36AE1FA51E33CED40053922A /* Main.storyboard */; };
		36AE1FA91E33CED40053922A /* Assets.xcassets in Resources */ = {isa = PBXBuildFile; fileRef = 36AE1FA81E33CED40053922A /* Assets.xcassets */; };
		36AE1FAC1E33CED40053922A /* LaunchScreen.storyboard in Resources */ = {isa = PBXBuildFile; fileRef = 36AE1FAA1E33CED40053922A /* LaunchScreen.storyboard */; };
		36AE1FB41E33E54B0053922A /* ImagePickerHelper.swift in Sources */ = {isa = PBXBuildFile; fileRef = 36AE1FB31E33E54B0053922A /* ImagePickerHelper.swift */; };
		36AE1FBD1E33F1450053922A /* GoogleService-Info.plist in Resources */ = {isa = PBXBuildFile; fileRef = 36AE1FBC1E33F1450053922A /* GoogleService-Info.plist */; };
		36AE1FBF1E33F3FD0053922A /* FirebaseUserOperation.swift in Sources */ = {isa = PBXBuildFile; fileRef = 36AE1FBE1E33F3FD0053922A /* FirebaseUserOperation.swift */; };
		36AE1FC21E33F49C0053922A /* User.swift in Sources */ = {isa = PBXBuildFile; fileRef = 36AE1FC11E33F49C0053922A /* User.swift */; };
		36AE1FC41E33F7880053922A /* HomeViewController.swift in Sources */ = {isa = PBXBuildFile; fileRef = 36AE1FC31E33F7880053922A /* HomeViewController.swift */; };
		36AE1FC61E33FCB40053922A /* ProfileViewController.swift in Sources */ = {isa = PBXBuildFile; fileRef = 36AE1FC51E33FCB40053922A /* ProfileViewController.swift */; };
		36AE1FC81E3403C60053922A /* FirebaseImageHandler.swift in Sources */ = {isa = PBXBuildFile; fileRef = 36AE1FC71E3403C60053922A /* FirebaseImageHandler.swift */; };
		36AE1FCA1E3403F20053922A /* FirebaseReference.swift in Sources */ = {isa = PBXBuildFile; fileRef = 36AE1FC91E3403F20053922A /* FirebaseReference.swift */; };
		36AE1FCC1E3425190053922A /* LoadSongsHelperViewController.swift in Sources */ = {isa = PBXBuildFile; fileRef = 36AE1FCB1E3425190053922A /* LoadSongsHelperViewController.swift */; };
		36AE1FD11E34260F0053922A /* Song.swift in Sources */ = {isa = PBXBuildFile; fileRef = 36AE1FD01E34260F0053922A /* Song.swift */; };
		36AE1FD31E34268B0053922A /* FirebaseSongHandler.swift in Sources */ = {isa = PBXBuildFile; fileRef = 36AE1FD21E34268B0053922A /* FirebaseSongHandler.swift */; };
		36AE1FD41E342A430053922A /* hbd.m4a in Resources */ = {isa = PBXBuildFile; fileRef = 36AE1FCD1E3425D20053922A /* hbd.m4a */; };
		36AE1FD51E342A470053922A /* prayer.m4a in Resources */ = {isa = PBXBuildFile; fileRef = 36AE1FCE1E3425D20053922A /* prayer.m4a */; };
		36AE1FD71E342C1A0053922A /* GiftTableViewController.swift in Sources */ = {isa = PBXBuildFile; fileRef = 36AE1FD61E342C1A0053922A /* GiftTableViewController.swift */; };
		36D55D921E3631C80018CF6D /* RecordGiftViewController.swift in Sources */ = {isa = PBXBuildFile; fileRef = 36D55D911E3631C80018CF6D /* RecordGiftViewController.swift */; };
/* End PBXBuildFile section */

/* Begin PBXFileReference section */
		01A8516A7D2481810FCDEFB4 /* Pods-thred.debug.xcconfig */ = {isa = PBXFileReference; includeInIndex = 1; lastKnownFileType = text.xcconfig; name = "Pods-thred.debug.xcconfig"; path = "Pods/Target Support Files/Pods-thred/Pods-thred.debug.xcconfig"; sourceTree = "<group>"; };
		364850441E3437A7004B73DE /* GiftCollectionViewController.swift */ = {isa = PBXFileReference; fileEncoding = 4; lastKnownFileType = sourcecode.swift; path = GiftCollectionViewController.swift; sourceTree = "<group>"; };
		364850471E343984004B73DE /* GiftCollectionViewCell.swift */ = {isa = PBXFileReference; fileEncoding = 4; lastKnownFileType = sourcecode.swift; path = GiftCollectionViewCell.swift; sourceTree = "<group>"; };
		364850491E345EB9004B73DE /* RecipientTableViewController.swift */ = {isa = PBXFileReference; fileEncoding = 4; lastKnownFileType = sourcecode.swift; path = RecipientTableViewController.swift; sourceTree = "<group>"; };
		3648504E1E3465A9004B73DE /* RecipientTableViewCell.swift */ = {isa = PBXFileReference; fileEncoding = 4; lastKnownFileType = sourcecode.swift; path = RecipientTableViewCell.swift; sourceTree = "<group>"; };
		364850501E3471CF004B73DE /* GifterCollectionViewCell.swift */ = {isa = PBXFileReference; fileEncoding = 4; lastKnownFileType = sourcecode.swift; path = GifterCollectionViewCell.swift; sourceTree = "<group>"; };
		365F1D231E35B27C0081EA8E /* SecondaryGoogleService-Info.plist */ = {isa = PBXFileReference; fileEncoding = 4; lastKnownFileType = text.plist.xml; path = "SecondaryGoogleService-Info.plist"; sourceTree = "<group>"; };
		3697F6DB1E3537A8004D5DD4 /* GifterTableViewController.swift */ = {isa = PBXFileReference; fileEncoding = 4; lastKnownFileType = sourcecode.swift; path = GifterTableViewController.swift; sourceTree = "<group>"; };
		3697F6DD1E353850004D5DD4 /* GifterTableViewCell.swift */ = {isa = PBXFileReference; fileEncoding = 4; lastKnownFileType = sourcecode.swift; path = GifterTableViewCell.swift; sourceTree = "<group>"; };
		3697F6DF1E3550D9004D5DD4 /* PlayViewController.swift */ = {isa = PBXFileReference; fileEncoding = 4; lastKnownFileType = sourcecode.swift; path = PlayViewController.swift; sourceTree = "<group>"; };
		3697F6E11E355A27004D5DD4 /* Doh.mp3 */ = {isa = PBXFileReference; lastKnownFileType = audio.mp3; path = Doh.mp3; sourceTree = "<group>"; };
		3697F6E31E356FF3004D5DD4 /* Gift.swift */ = {isa = PBXFileReference; fileEncoding = 4; lastKnownFileType = sourcecode.swift; path = Gift.swift; sourceTree = "<group>"; };
		3697F6E51E357070004D5DD4 /* Gifter.swift */ = {isa = PBXFileReference; fileEncoding = 4; lastKnownFileType = sourcecode.swift; path = Gifter.swift; sourceTree = "<group>"; };
		3697F6E71E357CE3004D5DD4 /* UserGift.swift */ = {isa = PBXFileReference; fileEncoding = 4; lastKnownFileType = sourcecode.swift; path = UserGift.swift; sourceTree = "<group>"; };
		3697F6EA1E359266004D5DD4 /* HomeCollectionViewCell.swift */ = {isa = PBXFileReference; fileEncoding = 4; lastKnownFileType = sourcecode.swift; path = HomeCollectionViewCell.swift; sourceTree = "<group>"; };
		3697F6EC1E359861004D5DD4 /* UserByEmailViewController.swift */ = {isa = PBXFileReference; fileEncoding = 4; lastKnownFileType = sourcecode.swift; path = UserByEmailViewController.swift; sourceTree = "<group>"; };
		36AE1F9E1E33CED40053922A /* thred.app */ = {isa = PBXFileReference; explicitFileType = wrapper.application; includeInIndex = 0; path = thred.app; sourceTree = BUILT_PRODUCTS_DIR; };
		36AE1FA11E33CED40053922A /* AppDelegate.swift */ = {isa = PBXFileReference; lastKnownFileType = sourcecode.swift; path = AppDelegate.swift; sourceTree = "<group>"; };
		36AE1FA31E33CED40053922A /* LoginRegisterController.swift */ = {isa = PBXFileReference; lastKnownFileType = sourcecode.swift; path = LoginRegisterController.swift; sourceTree = "<group>"; };
		36AE1FA61E33CED40053922A /* Base */ = {isa = PBXFileReference; lastKnownFileType = file.storyboard; name = Base; path = Base.lproj/Main.storyboard; sourceTree = "<group>"; };
		36AE1FA81E33CED40053922A /* Assets.xcassets */ = {isa = PBXFileReference; lastKnownFileType = folder.assetcatalog; path = Assets.xcassets; sourceTree = "<group>"; };
		36AE1FAB1E33CED40053922A /* Base */ = {isa = PBXFileReference; lastKnownFileType = file.storyboard; name = Base; path = Base.lproj/LaunchScreen.storyboard; sourceTree = "<group>"; };
		36AE1FAD1E33CED40053922A /* Info.plist */ = {isa = PBXFileReference; lastKnownFileType = text.plist.xml; path = Info.plist; sourceTree = "<group>"; };
		36AE1FB31E33E54B0053922A /* ImagePickerHelper.swift */ = {isa = PBXFileReference; fileEncoding = 4; lastKnownFileType = sourcecode.swift; path = ImagePickerHelper.swift; sourceTree = "<group>"; };
		36AE1FBC1E33F1450053922A /* GoogleService-Info.plist */ = {isa = PBXFileReference; fileEncoding = 4; lastKnownFileType = text.plist.xml; path = "GoogleService-Info.plist"; sourceTree = "<group>"; };
		36AE1FBE1E33F3FD0053922A /* FirebaseUserOperation.swift */ = {isa = PBXFileReference; fileEncoding = 4; lastKnownFileType = sourcecode.swift; path = FirebaseUserOperation.swift; sourceTree = "<group>"; };
		36AE1FC11E33F49C0053922A /* User.swift */ = {isa = PBXFileReference; fileEncoding = 4; lastKnownFileType = sourcecode.swift; path = User.swift; sourceTree = "<group>"; };
		36AE1FC31E33F7880053922A /* HomeViewController.swift */ = {isa = PBXFileReference; fileEncoding = 4; lastKnownFileType = sourcecode.swift; path = HomeViewController.swift; sourceTree = "<group>"; };
		36AE1FC51E33FCB40053922A /* ProfileViewController.swift */ = {isa = PBXFileReference; fileEncoding = 4; lastKnownFileType = sourcecode.swift; path = ProfileViewController.swift; sourceTree = "<group>"; };
		36AE1FC71E3403C60053922A /* FirebaseImageHandler.swift */ = {isa = PBXFileReference; fileEncoding = 4; lastKnownFileType = sourcecode.swift; path = FirebaseImageHandler.swift; sourceTree = "<group>"; };
		36AE1FC91E3403F20053922A /* FirebaseReference.swift */ = {isa = PBXFileReference; fileEncoding = 4; lastKnownFileType = sourcecode.swift; path = FirebaseReference.swift; sourceTree = "<group>"; };
		36AE1FCB1E3425190053922A /* LoadSongsHelperViewController.swift */ = {isa = PBXFileReference; fileEncoding = 4; lastKnownFileType = sourcecode.swift; path = LoadSongsHelperViewController.swift; sourceTree = "<group>"; };
		36AE1FCD1E3425D20053922A /* hbd.m4a */ = {isa = PBXFileReference; lastKnownFileType = file; path = hbd.m4a; sourceTree = "<group>"; };
		36AE1FCE1E3425D20053922A /* prayer.m4a */ = {isa = PBXFileReference; lastKnownFileType = file; path = prayer.m4a; sourceTree = "<group>"; };
		36AE1FD01E34260F0053922A /* Song.swift */ = {isa = PBXFileReference; fileEncoding = 4; lastKnownFileType = sourcecode.swift; path = Song.swift; sourceTree = "<group>"; };
		36AE1FD21E34268B0053922A /* FirebaseSongHandler.swift */ = {isa = PBXFileReference; fileEncoding = 4; lastKnownFileType = sourcecode.swift; path = FirebaseSongHandler.swift; sourceTree = "<group>"; };
		36AE1FD61E342C1A0053922A /* GiftTableViewController.swift */ = {isa = PBXFileReference; fileEncoding = 4; lastKnownFileType = sourcecode.swift; path = GiftTableViewController.swift; sourceTree = "<group>"; };
		36D55D911E3631C80018CF6D /* RecordGiftViewController.swift */ = {isa = PBXFileReference; fileEncoding = 4; lastKnownFileType = sourcecode.swift; path = RecordGiftViewController.swift; sourceTree = "<group>"; };
		38680EFB1E70BA25BF644ADC /* Pods-thred.release.xcconfig */ = {isa = PBXFileReference; includeInIndex = 1; lastKnownFileType = text.xcconfig; name = "Pods-thred.release.xcconfig"; path = "Pods/Target Support Files/Pods-thred/Pods-thred.release.xcconfig"; sourceTree = "<group>"; };
		C5A710F191DFAA1DB9506E6B /* Pods_thred.framework */ = {isa = PBXFileReference; explicitFileType = wrapper.framework; includeInIndex = 0; path = Pods_thred.framework; sourceTree = BUILT_PRODUCTS_DIR; };
/* End PBXFileReference section */

/* Begin PBXFrameworksBuildPhase section */
		36AE1F9B1E33CED40053922A /* Frameworks */ = {
			isa = PBXFrameworksBuildPhase;
			buildActionMask = 2147483647;
			files = (
				03D9D44DC75F642572A5C45F /* Pods_thred.framework in Frameworks */,
			);
			runOnlyForDeploymentPostprocessing = 0;
		};
/* End PBXFrameworksBuildPhase section */

/* Begin PBXGroup section */
		0D4FCFF69A727721C7361FAB /* Frameworks */ = {
			isa = PBXGroup;
			children = (
				C5A710F191DFAA1DB9506E6B /* Pods_thred.framework */,
			);
			name = Frameworks;
			sourceTree = "<group>";
		};
		364850461E343963004B73DE /* View */ = {
			isa = PBXGroup;
			children = (
				3697F6EA1E359266004D5DD4 /* HomeCollectionViewCell.swift */,
				364850471E343984004B73DE /* GiftCollectionViewCell.swift */,
				3648504E1E3465A9004B73DE /* RecipientTableViewCell.swift */,
				364850501E3471CF004B73DE /* GifterCollectionViewCell.swift */,
				3697F6DD1E353850004D5DD4 /* GifterTableViewCell.swift */,
			);
			name = View;
			sourceTree = "<group>";
		};
		3648504B1E345ED3004B73DE /* New Gift */ = {
			isa = PBXGroup;
			children = (
				36AE1FD61E342C1A0053922A /* GiftTableViewController.swift */,
				364850441E3437A7004B73DE /* GiftCollectionViewController.swift */,
				364850491E345EB9004B73DE /* RecipientTableViewController.swift */,
				3697F6DB1E3537A8004D5DD4 /* GifterTableViewController.swift */,
				3697F6DF1E3550D9004D5DD4 /* PlayViewController.swift */,
				3697F6EC1E359861004D5DD4 /* UserByEmailViewController.swift */,
				36D55D911E3631C80018CF6D /* RecordGiftViewController.swift */,
			);
			name = "New Gift";
			sourceTree = "<group>";
		};
		3697F6E91E3582ED004D5DD4 /* Account */ = {
			isa = PBXGroup;
			children = (
				36AE1FA31E33CED40053922A /* LoginRegisterController.swift */,
				36AE1FC51E33FCB40053922A /* ProfileViewController.swift */,
			);
			name = Account;
			sourceTree = "<group>";
		};
		36AE1F951E33CED40053922A = {
			isa = PBXGroup;
			children = (
				36AE1FA01E33CED40053922A /* thred */,
				36AE1F9F1E33CED40053922A /* Products */,
				C2AED48FA8FD8540A2D69EE7 /* Pods */,
				0D4FCFF69A727721C7361FAB /* Frameworks */,
			);
			sourceTree = "<group>";
		};
		36AE1F9F1E33CED40053922A /* Products */ = {
			isa = PBXGroup;
			children = (
				36AE1F9E1E33CED40053922A /* thred.app */,
			);
			name = Products;
			sourceTree = "<group>";
		};
		36AE1FA01E33CED40053922A /* thred */ = {
			isa = PBXGroup;
			children = (
				36AE1FAD1E33CED40053922A /* Info.plist */,
				36AE1FBC1E33F1450053922A /* GoogleService-Info.plist */,
				365F1D231E35B27C0081EA8E /* SecondaryGoogleService-Info.plist */,
				36AE1FA11E33CED40053922A /* AppDelegate.swift */,
				36AE1FC01E33F48D0053922A /* Model */,
				36AE1FB71E33E57D0053922A /* View */,
				36AE1FB61E33E5750053922A /* Controller */,
				36AE1FB51E33E5660053922A /* Helpers */,
				36AE1FCF1E3425D90053922A /* Temporary */,
			);
			path = thred;
			sourceTree = "<group>";
		};
		36AE1FB51E33E5660053922A /* Helpers */ = {
			isa = PBXGroup;
			children = (
				36AE1FC91E3403F20053922A /* FirebaseReference.swift */,
				36AE1FBE1E33F3FD0053922A /* FirebaseUserOperation.swift */,
				36AE1FC71E3403C60053922A /* FirebaseImageHandler.swift */,
				36AE1FD21E34268B0053922A /* FirebaseSongHandler.swift */,
				36AE1FB31E33E54B0053922A /* ImagePickerHelper.swift */,
				36AE1FCB1E3425190053922A /* LoadSongsHelperViewController.swift */,
			);
			name = Helpers;
			sourceTree = "<group>";
		};
		36AE1FB61E33E5750053922A /* Controller */ = {
			isa = PBXGroup;
			children = (
				36AE1FC31E33F7880053922A /* HomeViewController.swift */,
				3697F6E91E3582ED004D5DD4 /* Account */,
				3648504B1E345ED3004B73DE /* New Gift */,
				364850461E343963004B73DE /* View */,
			);
			name = Controller;
			sourceTree = "<group>";
		};
		36AE1FB71E33E57D0053922A /* View */ = {
			isa = PBXGroup;
			children = (
				36AE1FA51E33CED40053922A /* Main.storyboard */,
				36AE1FA81E33CED40053922A /* Assets.xcassets */,
				36AE1FAA1E33CED40053922A /* LaunchScreen.storyboard */,
			);
			name = View;
			sourceTree = "<group>";
		};
		36AE1FC01E33F48D0053922A /* Model */ = {
			isa = PBXGroup;
			children = (
				36AE1FC11E33F49C0053922A /* User.swift */,
				36AE1FD01E34260F0053922A /* Song.swift */,
				3697F6E31E356FF3004D5DD4 /* Gift.swift */,
				3697F6E51E357070004D5DD4 /* Gifter.swift */,
				3697F6E71E357CE3004D5DD4 /* UserGift.swift */,
			);
			name = Model;
			path = ..;
			sourceTree = "<group>";
		};
		36AE1FCF1E3425D90053922A /* Temporary */ = {
			isa = PBXGroup;
			children = (
				36AE1FCD1E3425D20053922A /* hbd.m4a */,
				36AE1FCE1E3425D20053922A /* prayer.m4a */,
				3697F6E11E355A27004D5DD4 /* Doh.mp3 */,
			);
			name = Temporary;
			sourceTree = "<group>";
		};
		C2AED48FA8FD8540A2D69EE7 /* Pods */ = {
			isa = PBXGroup;
			children = (
				01A8516A7D2481810FCDEFB4 /* Pods-thred.debug.xcconfig */,
				38680EFB1E70BA25BF644ADC /* Pods-thred.release.xcconfig */,
			);
			name = Pods;
			sourceTree = "<group>";
		};
/* End PBXGroup section */

/* Begin PBXNativeTarget section */
		36AE1F9D1E33CED40053922A /* thred */ = {
			isa = PBXNativeTarget;
			buildConfigurationList = 36AE1FB01E33CED40053922A /* Build configuration list for PBXNativeTarget "thred" */;
			buildPhases = (
				6F59C2068A08194C679AFA88 /* [CP] Check Pods Manifest.lock */,
				36AE1F9A1E33CED40053922A /* Sources */,
				36AE1F9B1E33CED40053922A /* Frameworks */,
				36AE1F9C1E33CED40053922A /* Resources */,
				F6F57B3ABF11B27A9DC53843 /* [CP] Embed Pods Frameworks */,
				46C09EAED3E6FE0EE248957A /* [CP] Copy Pods Resources */,
			);
			buildRules = (
			);
			dependencies = (
			);
			name = thred;
			productName = thred;
			productReference = 36AE1F9E1E33CED40053922A /* thred.app */;
			productType = "com.apple.product-type.application";
		};
/* End PBXNativeTarget section */

/* Begin PBXProject section */
		36AE1F961E33CED40053922A /* Project object */ = {
			isa = PBXProject;
			attributes = {
				LastSwiftUpdateCheck = 0820;
				LastUpgradeCheck = 0820;
				ORGANIZATIONNAME = "C2 Consulting, Inc";
				TargetAttributes = {
					36AE1F9D1E33CED40053922A = {
						CreatedOnToolsVersion = 8.2.1;
						DevelopmentTeam = T84Y6NVA28;
						ProvisioningStyle = Automatic;
					};
				};
			};
			buildConfigurationList = 36AE1F991E33CED40053922A /* Build configuration list for PBXProject "thred" */;
			compatibilityVersion = "Xcode 3.2";
			developmentRegion = English;
			hasScannedForEncodings = 0;
			knownRegions = (
				en,
				Base,
			);
			mainGroup = 36AE1F951E33CED40053922A;
			productRefGroup = 36AE1F9F1E33CED40053922A /* Products */;
			projectDirPath = "";
			projectRoot = "";
			targets = (
				36AE1F9D1E33CED40053922A /* thred */,
			);
		};
/* End PBXProject section */

/* Begin PBXResourcesBuildPhase section */
		36AE1F9C1E33CED40053922A /* Resources */ = {
			isa = PBXResourcesBuildPhase;
			buildActionMask = 2147483647;
			files = (
				3697F6E21E355A27004D5DD4 /* Doh.mp3 in Resources */,
				36AE1FAC1E33CED40053922A /* LaunchScreen.storyboard in Resources */,
				36AE1FBD1E33F1450053922A /* GoogleService-Info.plist in Resources */,
				36AE1FA91E33CED40053922A /* Assets.xcassets in Resources */,
				36AE1FD41E342A430053922A /* hbd.m4a in Resources */,
				36AE1FA71E33CED40053922A /* Main.storyboard in Resources */,
				365F1D241E35B27C0081EA8E /* SecondaryGoogleService-Info.plist in Resources */,
				36AE1FD51E342A470053922A /* prayer.m4a in Resources */,
			);
			runOnlyForDeploymentPostprocessing = 0;
		};
/* End PBXResourcesBuildPhase section */

/* Begin PBXShellScriptBuildPhase section */
		46C09EAED3E6FE0EE248957A /* [CP] Copy Pods Resources */ = {
			isa = PBXShellScriptBuildPhase;
			buildActionMask = 2147483647;
			files = (
			);
			inputPaths = (
			);
			name = "[CP] Copy Pods Resources";
			outputPaths = (
			);
			runOnlyForDeploymentPostprocessing = 0;
			shellPath = /bin/sh;
			shellScript = "\"${SRCROOT}/Pods/Target Support Files/Pods-thred/Pods-thred-resources.sh\"\n";
			showEnvVarsInLog = 0;
		};
		6F59C2068A08194C679AFA88 /* [CP] Check Pods Manifest.lock */ = {
			isa = PBXShellScriptBuildPhase;
			buildActionMask = 2147483647;
			files = (
			);
			inputPaths = (
			);
			name = "[CP] Check Pods Manifest.lock";
			outputPaths = (
			);
			runOnlyForDeploymentPostprocessing = 0;
			shellPath = /bin/sh;
			shellScript = "diff \"${PODS_ROOT}/../Podfile.lock\" \"${PODS_ROOT}/Manifest.lock\" > /dev/null\nif [ $? != 0 ] ; then\n    # print error to STDERR\n    echo \"error: The sandbox is not in sync with the Podfile.lock. Run 'pod install' or update your CocoaPods installation.\" >&2\n    exit 1\nfi\n";
			showEnvVarsInLog = 0;
		};
		F6F57B3ABF11B27A9DC53843 /* [CP] Embed Pods Frameworks */ = {
			isa = PBXShellScriptBuildPhase;
			buildActionMask = 2147483647;
			files = (
			);
			inputPaths = (
			);
			name = "[CP] Embed Pods Frameworks";
			outputPaths = (
			);
			runOnlyForDeploymentPostprocessing = 0;
			shellPath = /bin/sh;
			shellScript = "\"${SRCROOT}/Pods/Target Support Files/Pods-thred/Pods-thred-frameworks.sh\"\n";
			showEnvVarsInLog = 0;
		};
/* End PBXShellScriptBuildPhase section */

/* Begin PBXSourcesBuildPhase section */
		36AE1F9A1E33CED40053922A /* Sources */ = {
			isa = PBXSourcesBuildPhase;
			buildActionMask = 2147483647;
			files = (
				36AE1FA41E33CED40053922A /* LoginRegisterController.swift in Sources */,
				36AE1FCA1E3403F20053922A /* FirebaseReference.swift in Sources */,
				36AE1FB41E33E54B0053922A /* ImagePickerHelper.swift in Sources */,
				3648504A1E345EB9004B73DE /* RecipientTableViewController.swift in Sources */,
				3697F6DE1E353850004D5DD4 /* GifterTableViewCell.swift in Sources */,
				36AE1FCC1E3425190053922A /* LoadSongsHelperViewController.swift in Sources */,
				3648504F1E3465A9004B73DE /* RecipientTableViewCell.swift in Sources */,
				36AE1FA21E33CED40053922A /* AppDelegate.swift in Sources */,
				36D55D921E3631C80018CF6D /* RecordGiftViewController.swift in Sources */,
				364850481E343984004B73DE /* GiftCollectionViewCell.swift in Sources */,
				36AE1FD11E34260F0053922A /* Song.swift in Sources */,
				3697F6E81E357CE3004D5DD4 /* UserGift.swift in Sources */,
				36AE1FC21E33F49C0053922A /* User.swift in Sources */,
				36AE1FC61E33FCB40053922A /* ProfileViewController.swift in Sources */,
				364850451E3437A7004B73DE /* GiftCollectionViewController.swift in Sources */,
				36AE1FBF1E33F3FD0053922A /* FirebaseUserOperation.swift in Sources */,
				36AE1FC41E33F7880053922A /* HomeViewController.swift in Sources */,
				36AE1FD31E34268B0053922A /* FirebaseSongHandler.swift in Sources */,
				36AE1FD71E342C1A0053922A /* GiftTableViewController.swift in Sources */,
				36AE1FC81E3403C60053922A /* FirebaseImageHandler.swift in Sources */,
				364850511E3471CF004B73DE /* GifterCollectionViewCell.swift in Sources */,
				3697F6EB1E359266004D5DD4 /* HomeCollectionViewCell.swift in Sources */,
				3697F6ED1E359861004D5DD4 /* UserByEmailViewController.swift in Sources */,
				3697F6E01E3550D9004D5DD4 /* PlayViewController.swift in Sources */,
				3697F6DC1E3537A8004D5DD4 /* GifterTableViewController.swift in Sources */,
				3697F6E41E356FF3004D5DD4 /* Gift.swift in Sources */,
				3697F6E61E357070004D5DD4 /* Gifter.swift in Sources */,
			);
			runOnlyForDeploymentPostprocessing = 0;
		};
/* End PBXSourcesBuildPhase section */

/* Begin PBXVariantGroup section */
		36AE1FA51E33CED40053922A /* Main.storyboard */ = {
			isa = PBXVariantGroup;
			children = (
				36AE1FA61E33CED40053922A /* Base */,
			);
			name = Main.storyboard;
			sourceTree = "<group>";
		};
		36AE1FAA1E33CED40053922A /* LaunchScreen.storyboard */ = {
			isa = PBXVariantGroup;
			children = (
				36AE1FAB1E33CED40053922A /* Base */,
			);
			name = LaunchScreen.storyboard;
			sourceTree = "<group>";
		};
/* End PBXVariantGroup section */

/* Begin XCBuildConfiguration section */
		36AE1FAE1E33CED40053922A /* Debug */ = {
			isa = XCBuildConfiguration;
			buildSettings = {
				ALWAYS_SEARCH_USER_PATHS = NO;
				CLANG_ANALYZER_NONNULL = YES;
				CLANG_CXX_LANGUAGE_STANDARD = "gnu++0x";
				CLANG_CXX_LIBRARY = "libc++";
				CLANG_ENABLE_MODULES = YES;
				CLANG_ENABLE_OBJC_ARC = YES;
				CLANG_WARN_BOOL_CONVERSION = YES;
				CLANG_WARN_CONSTANT_CONVERSION = YES;
				CLANG_WARN_DIRECT_OBJC_ISA_USAGE = YES_ERROR;
				CLANG_WARN_DOCUMENTATION_COMMENTS = YES;
				CLANG_WARN_EMPTY_BODY = YES;
				CLANG_WARN_ENUM_CONVERSION = YES;
				CLANG_WARN_INFINITE_RECURSION = YES;
				CLANG_WARN_INT_CONVERSION = YES;
				CLANG_WARN_OBJC_ROOT_CLASS = YES_ERROR;
				CLANG_WARN_SUSPICIOUS_MOVE = YES;
				CLANG_WARN_UNREACHABLE_CODE = YES;
				CLANG_WARN__DUPLICATE_METHOD_MATCH = YES;
				"CODE_SIGN_IDENTITY[sdk=iphoneos*]" = "iPhone Developer";
				COPY_PHASE_STRIP = NO;
				DEBUG_INFORMATION_FORMAT = dwarf;
				ENABLE_STRICT_OBJC_MSGSEND = YES;
				ENABLE_TESTABILITY = YES;
				GCC_C_LANGUAGE_STANDARD = gnu99;
				GCC_DYNAMIC_NO_PIC = NO;
				GCC_NO_COMMON_BLOCKS = YES;
				GCC_OPTIMIZATION_LEVEL = 0;
				GCC_PREPROCESSOR_DEFINITIONS = (
					"DEBUG=1",
					"$(inherited)",
				);
				GCC_WARN_64_TO_32_BIT_CONVERSION = YES;
				GCC_WARN_ABOUT_RETURN_TYPE = YES_ERROR;
				GCC_WARN_UNDECLARED_SELECTOR = YES;
				GCC_WARN_UNINITIALIZED_AUTOS = YES_AGGRESSIVE;
				GCC_WARN_UNUSED_FUNCTION = YES;
				GCC_WARN_UNUSED_VARIABLE = YES;
				IPHONEOS_DEPLOYMENT_TARGET = 10.2;
				MTL_ENABLE_DEBUG_INFO = YES;
				ONLY_ACTIVE_ARCH = YES;
				SDKROOT = iphoneos;
				SWIFT_ACTIVE_COMPILATION_CONDITIONS = DEBUG;
				SWIFT_OPTIMIZATION_LEVEL = "-Onone";
			};
			name = Debug;
		};
		36AE1FAF1E33CED40053922A /* Release */ = {
			isa = XCBuildConfiguration;
			buildSettings = {
				ALWAYS_SEARCH_USER_PATHS = NO;
				CLANG_ANALYZER_NONNULL = YES;
				CLANG_CXX_LANGUAGE_STANDARD = "gnu++0x";
				CLANG_CXX_LIBRARY = "libc++";
				CLANG_ENABLE_MODULES = YES;
				CLANG_ENABLE_OBJC_ARC = YES;
				CLANG_WARN_BOOL_CONVERSION = YES;
				CLANG_WARN_CONSTANT_CONVERSION = YES;
				CLANG_WARN_DIRECT_OBJC_ISA_USAGE = YES_ERROR;
				CLANG_WARN_DOCUMENTATION_COMMENTS = YES;
				CLANG_WARN_EMPTY_BODY = YES;
				CLANG_WARN_ENUM_CONVERSION = YES;
				CLANG_WARN_INFINITE_RECURSION = YES;
				CLANG_WARN_INT_CONVERSION = YES;
				CLANG_WARN_OBJC_ROOT_CLASS = YES_ERROR;
				CLANG_WARN_SUSPICIOUS_MOVE = YES;
				CLANG_WARN_UNREACHABLE_CODE = YES;
				CLANG_WARN__DUPLICATE_METHOD_MATCH = YES;
				"CODE_SIGN_IDENTITY[sdk=iphoneos*]" = "iPhone Developer";
				COPY_PHASE_STRIP = NO;
				DEBUG_INFORMATION_FORMAT = "dwarf-with-dsym";
				ENABLE_NS_ASSERTIONS = NO;
				ENABLE_STRICT_OBJC_MSGSEND = YES;
				GCC_C_LANGUAGE_STANDARD = gnu99;
				GCC_NO_COMMON_BLOCKS = YES;
				GCC_WARN_64_TO_32_BIT_CONVERSION = YES;
				GCC_WARN_ABOUT_RETURN_TYPE = YES_ERROR;
				GCC_WARN_UNDECLARED_SELECTOR = YES;
				GCC_WARN_UNINITIALIZED_AUTOS = YES_AGGRESSIVE;
				GCC_WARN_UNUSED_FUNCTION = YES;
				GCC_WARN_UNUSED_VARIABLE = YES;
				IPHONEOS_DEPLOYMENT_TARGET = 10.2;
				MTL_ENABLE_DEBUG_INFO = NO;
				SDKROOT = iphoneos;
				SWIFT_OPTIMIZATION_LEVEL = "-Owholemodule";
				VALIDATE_PRODUCT = YES;
			};
			name = Release;
		};
		36AE1FB11E33CED40053922A /* Debug */ = {
			isa = XCBuildConfiguration;
			baseConfigurationReference = 01A8516A7D2481810FCDEFB4 /* Pods-thred.debug.xcconfig */;
			buildSettings = {
				ASSETCATALOG_COMPILER_APPICON_NAME = AppIcon;
				DEVELOPMENT_TEAM = T84Y6NVA28;
				INFOPLIST_FILE = thred/Info.plist;
				LD_RUNPATH_SEARCH_PATHS = "$(inherited) @executable_path/Frameworks";
				PRODUCT_BUNDLE_IDENTIFIER = com.thred.singalong;
				PRODUCT_NAME = "$(TARGET_NAME)";
				SWIFT_VERSION = 3.0;
			};
			name = Debug;
		};
		36AE1FB21E33CED40053922A /* Release */ = {
			isa = XCBuildConfiguration;
			baseConfigurationReference = 38680EFB1E70BA25BF644ADC /* Pods-thred.release.xcconfig */;
			buildSettings = {
				ASSETCATALOG_COMPILER_APPICON_NAME = AppIcon;
				DEVELOPMENT_TEAM = T84Y6NVA28;
				INFOPLIST_FILE = thred/Info.plist;
				LD_RUNPATH_SEARCH_PATHS = "$(inherited) @executable_path/Frameworks";
				PRODUCT_BUNDLE_IDENTIFIER = com.thred.singalong;
				PRODUCT_NAME = "$(TARGET_NAME)";
				SWIFT_VERSION = 3.0;
			};
			name = Release;
		};
/* End XCBuildConfiguration section */

/* Begin XCConfigurationList section */
		36AE1F991E33CED40053922A /* Build configuration list for PBXProject "thred" */ = {
			isa = XCConfigurationList;
			buildConfigurations = (
				36AE1FAE1E33CED40053922A /* Debug */,
				36AE1FAF1E33CED40053922A /* Release */,
			);
			defaultConfigurationIsVisible = 0;
			defaultConfigurationName = Release;
		};
		36AE1FB01E33CED40053922A /* Build configuration list for PBXNativeTarget "thred" */ = {
			isa = XCConfigurationList;
			buildConfigurations = (
				36AE1FB11E33CED40053922A /* Debug */,
				36AE1FB21E33CED40053922A /* Release */,
			);
			defaultConfigurationIsVisible = 0;
			defaultConfigurationName = Release;
		};
/* End XCConfigurationList section */
	};
	rootObject = 36AE1F961E33CED40053922A /* Project object */;
}
